// !$*UTF8*$!
{
	archiveVersion = 1;
	classes = {
	};
	objectVersion = 50;
	objects = {

/* Begin PBXBuildFile section */
		F532B84224E30C3700B4CAD5 /* AppDelegate.swift in Sources */ = {isa = PBXBuildFile; fileRef = F532B84124E30C3700B4CAD5 /* AppDelegate.swift */; };
		F532B84424E30C3700B4CAD5 /* SceneDelegate.swift in Sources */ = {isa = PBXBuildFile; fileRef = F532B84324E30C3700B4CAD5 /* SceneDelegate.swift */; };
		F532B84624E30C3700B4CAD5 /* ViewController.swift in Sources */ = {isa = PBXBuildFile; fileRef = F532B84524E30C3700B4CAD5 /* ViewController.swift */; };
		F532B84924E30C3700B4CAD5 /* Main.storyboard in Resources */ = {isa = PBXBuildFile; fileRef = F532B84724E30C3700B4CAD5 /* Main.storyboard */; };
		F532B84B24E30C3800B4CAD5 /* Assets.xcassets in Resources */ = {isa = PBXBuildFile; fileRef = F532B84A24E30C3800B4CAD5 /* Assets.xcassets */; };
		F532B84E24E30C3800B4CAD5 /* LaunchScreen.storyboard in Resources */ = {isa = PBXBuildFile; fileRef = F532B84C24E30C3800B4CAD5 /* LaunchScreen.storyboard */; };
/* End PBXBuildFile section */

/* Begin PBXFileReference section */
		F532B83E24E30C3700B4CAD5 /* RandomNumGame.app */ = {isa = PBXFileReference; explicitFileType = wrapper.application; includeInIndex = 0; path = RandomNumGame.app; sourceTree = BUILT_PRODUCTS_DIR; };
		F532B84124E30C3700B4CAD5 /* AppDelegate.swift */ = {isa = PBXFileReference; lastKnownFileType = sourcecode.swift; path = AppDelegate.swift; sourceTree = "<group>"; };
		F532B84324E30C3700B4CAD5 /* SceneDelegate.swift */ = {isa = PBXFileReference; lastKnownFileType = sourcecode.swift; path = SceneDelegate.swift; sourceTree = "<group>"; };
		F532B84524E30C3700B4CAD5 /* ViewController.swift */ = {isa = PBXFileReference; lastKnownFileType = sourcecode.swift; path = ViewController.swift; sourceTree = "<group>"; };
		F532B84824E30C3700B4CAD5 /* Base */ = {isa = PBXFileReference; lastKnownFileType = file.storyboard; name = Base; path = Base.lproj/Main.storyboard; sourceTree = "<group>"; };
		F532B84A24E30C3800B4CAD5 /* Assets.xcassets */ = {isa = PBXFileReference; lastKnownFileType = folder.assetcatalog; path = Assets.xcassets; sourceTree = "<group>"; };
		F532B84D24E30C3800B4CAD5 /* Base */ = {isa = PBXFileReference; lastKnownFileType = file.storyboard; name = Base; path = Base.lproj/LaunchScreen.storyboard; sourceTree = "<group>"; };
		F532B84F24E30C3800B4CAD5 /* Info.plist */ = {isa = PBXFileReference; lastKnownFileType = text.plist.xml; path = Info.plist; sourceTree = "<group>"; };
/* End PBXFileReference section */

/* Begin PBXFrameworksBuildPhase section */
		F532B83B24E30C3700B4CAD5 /* Frameworks */ = {
			isa = PBXFrameworksBuildPhase;
			buildActionMask = 2147483647;
			files = (
			);
			runOnlyForDeploymentPostprocessing = 0;
		};
/* End PBXFrameworksBuildPhase section */

/* Begin PBXGroup section */
		F532B83524E30C3700B4CAD5 = {
			isa = PBXGroup;
			children = (
				F532B84024E30C3700B4CAD5 /* RandomNumGame */,
				F532B83F24E30C3700B4CAD5 /* Products */,
			);
			sourceTree = "<group>";
		};
		F532B83F24E30C3700B4CAD5 /* Products */ = {
			isa = PBXGroup;
			children = (
				F532B83E24E30C3700B4CAD5 /* RandomNumGame.app */,
			);
			name = Products;
			sourceTree = "<group>";
		};
		F532B84024E30C3700B4CAD5 /* RandomNumGame */ = {
			isa = PBXGroup;
			children = (
				F532B84124E30C3700B4CAD5 /* AppDelegate.swift */,
				F532B84324E30C3700B4CAD5 /* SceneDelegate.swift */,
				F532B84524E30C3700B4CAD5 /* ViewController.swift */,
				F532B84724E30C3700B4CAD5 /* Main.storyboard */,
				F532B84A24E30C3800B4CAD5 /* Assets.xcassets */,
				F532B84C24E30C3800B4CAD5 /* LaunchScreen.storyboard */,
				F532B84F24E30C3800B4CAD5 /* Info.plist */,
			);
			path = RandomNumGame;
			sourceTree = "<group>";
		};
/* End PBXGroup section */

/* Begin PBXNativeTarget section */
		F532B83D24E30C3700B4CAD5 /* RandomNumGame */ = {
			isa = PBXNativeTarget;
			buildConfigurationList = F532B85224E30C3800B4CAD5 /* Build configuration list for PBXNativeTarget "RandomNumGame" */;
			buildPhases = (
				F532B83A24E30C3700B4CAD5 /* Sources */,
				F532B83B24E30C3700B4CAD5 /* Frameworks */,
				F532B83C24E30C3700B4CAD5 /* Resources */,
			);
			buildRules = (
			);
			dependencies = (
			);
			name = RandomNumGame;
			productName = RandomNumGame;
			productReference = F532B83E24E30C3700B4CAD5 /* RandomNumGame.app */;
			productType = "com.apple.product-type.application";
		};
/* End PBXNativeTarget section */

/* Begin PBXProject section */
		F532B83624E30C3700B4CAD5 /* Project object */ = {
			isa = PBXProject;
			attributes = {
				LastSwiftUpdateCheck = 1100;
				LastUpgradeCheck = 1220;
				ORGANIZATIONNAME = "Влад";
				TargetAttributes = {
					F532B83D24E30C3700B4CAD5 = {
						CreatedOnToolsVersion = 11.0;
					};
				};
			};
			buildConfigurationList = F532B83924E30C3700B4CAD5 /* Build configuration list for PBXProject "RandomNumGame" */;
			compatibilityVersion = "Xcode 9.3";
			developmentRegion = en;
			hasScannedForEncodings = 0;
			knownRegions = (
				en,
				Base,
			);
			mainGroup = F532B83524E30C3700B4CAD5;
			productRefGroup = F532B83F24E30C3700B4CAD5 /* Products */;
			projectDirPath = "";
			projectRoot = "";
			targets = (
				F532B83D24E30C3700B4CAD5 /* RandomNumGame */,
			);
		};
/* End PBXProject section */

/* Begin PBXResourcesBuildPhase section */
		F532B83C24E30C3700B4CAD5 /* Resources */ = {
			isa = PBXResourcesBuildPhase;
			buildActionMask = 2147483647;
			files = (
				F532B84E24E30C3800B4CAD5 /* LaunchScreen.storyboard in Resources */,
				F532B84B24E30C3800B4CAD5 /* Assets.xcassets in Resources */,
				F532B84924E30C3700B4CAD5 /* Main.storyboard in Resources */,
			);
			runOnlyForDeploymentPostprocessing = 0;
		};
/* End PBXResourcesBuildPhase section */

/* Begin PBXSourcesBuildPhase section */
		F532B83A24E30C3700B4CAD5 /* Sources */ = {
			isa = PBXSourcesBuildPhase;
			buildActionMask = 2147483647;
			files = (
				F532B84624E30C3700B4CAD5 /* ViewController.swift in Sources */,
				F532B84224E30C3700B4CAD5 /* AppDelegate.swift in Sources */,
				F532B84424E30C3700B4CAD5 /* SceneDelegate.swift in Sources */,
			);
			runOnlyForDeploymentPostprocessing = 0;
		};
/* End PBXSourcesBuildPhase section */

/* Begin PBXVariantGroup section */
		F532B84724E30C3700B4CAD5 /* Main.storyboard */ = {
			isa = PBXVariantGroup;
			children = (
				F532B84824E30C3700B4CAD5 /* Base */,
			);
			name = Main.storyboard;
			sourceTree = "<group>";
		};
		F532B84C24E30C3800B4CAD5 /* LaunchScreen.storyboard */ = {
			isa = PBXVariantGroup;
			children = (
				F532B84D24E30C3800B4CAD5 /* Base */,
			);
			name = LaunchScreen.storyboard;
			sourceTree = "<group>";
		};
/* End PBXVariantGroup section */

/* Begin XCBuildConfiguration section */
		F532B85024E30C3800B4CAD5 /* Debug */ = {
			isa = XCBuildConfiguration;
			buildSettings = {
				ALWAYS_SEARCH_USER_PATHS = NO;
				CLANG_ANALYZER_NONNULL = YES;
				CLANG_ANALYZER_NUMBER_OBJECT_CONVERSION = YES_AGGRESSIVE;
				CLANG_CXX_LANGUAGE_STANDARD = "gnu++14";
				CLANG_CXX_LIBRARY = "libc++";
				CLANG_ENABLE_MODULES = YES;
				CLANG_ENABLE_OBJC_ARC = YES;
				CLANG_ENABLE_OBJC_WEAK = YES;
				CLANG_WARN_BLOCK_CAPTURE_AUTORELEASING = YES;
				CLANG_WARN_BOOL_CONVERSION = YES;
				CLANG_WARN_COMMA = YES;
				CLANG_WARN_CONSTANT_CONVERSION = YES;
				CLANG_WARN_DEPRECATED_OBJC_IMPLEMENTATIONS = YES;
				CLANG_WARN_DIRECT_OBJC_ISA_USAGE = YES_ERROR;
				CLANG_WARN_DOCUMENTATION_COMMENTS = YES;
				CLANG_WARN_EMPTY_BODY = YES;
				CLANG_WARN_ENUM_CONVERSION = YES;
				CLANG_WARN_INFINITE_RECURSION = YES;
				CLANG_WARN_INT_CONVERSION = YES;
				CLANG_WARN_NON_LITERAL_NULL_CONVERSION = YES;
				CLANG_WARN_OBJC_IMPLICIT_RETAIN_SELF = YES;
				CLANG_WARN_OBJC_LITERAL_CONVERSION = YES;
				CLANG_WARN_OBJC_ROOT_CLASS = YES_ERROR;
				CLANG_WARN_QUOTED_INCLUDE_IN_FRAMEWORK_HEADER = YES;
				CLANG_WARN_RANGE_LOOP_ANALYSIS = YES;
				CLANG_WARN_STRICT_PROTOTYPES = YES;
				CLANG_WARN_SUSPICIOUS_MOVE = YES;
				CLANG_WARN_UNGUARDED_AVAILABILITY = YES_AGGRESSIVE;
				CLANG_WARN_UNREACHABLE_CODE = YES;
				CLANG_WARN__DUPLICATE_METHOD_MATCH = YES;
				COPY_PHASE_STRIP = NO;
				DEBUG_INFORMATION_FORMAT = dwarf;
				ENABLE_STRICT_OBJC_MSGSEND = YES;
				ENABLE_TESTABILITY = YES;
				GCC_C_LANGUAGE_STANDARD = gnu11;
				GCC_DYNAMIC_NO_PIC = NO;
				GCC_NO_COMMON_BLOCKS = YES;
				GCC_OPTIMIZATION_LEVEL = 0;
				GCC_PREPROCESSOR_DEFINITIONS = (
					"DEBUG=1",
					"$(inherited)",
				);
				GCC_WARN_64_TO_32_BIT_CONVERSION = YES;
				GCC_WARN_ABOUT_RETURN_TYPE = YES_ERROR;
				GCC_WARN_UNDECLARED_SELECTOR = YES;
				GCC_WARN_UNINITIALIZED_AUTOS = YES_AGGRESSIVE;
				GCC_WARN_UNUSED_FUNCTION = YES;
				GCC_WARN_UNUSED_VARIABLE = YES;
				IPHONEOS_DEPLOYMENT_TARGET = 13.0;
				MTL_ENABLE_DEBUG_INFO = INCLUDE_SOURCE;
				MTL_FAST_MATH = YES;
				ONLY_ACTIVE_ARCH = YES;
				SDKROOT = iphoneos;
				SWIFT_ACTIVE_COMPILATION_CONDITIONS = DEBUG;
				SWIFT_OPTIMIZATION_LEVEL = "-Onone";
			};
			name = Debug;
		};
		F532B85124E30C3800B4CAD5 /* Release */ = {
			isa = XCBuildConfiguration;
			buildSettings = {
				ALWAYS_SEARCH_USER_PATHS = NO;
				CLANG_ANALYZER_NONNULL = YES;
				CLANG_ANALYZER_NUMBER_OBJECT_CONVERSION = YES_AGGRESSIVE;
				CLANG_CXX_LANGUAGE_STANDARD = "gnu++14";
				CLANG_CXX_LIBRARY = "libc++";
				CLANG_ENABLE_MODULES = YES;
				CLANG_ENABLE_OBJC_ARC = YES;
				CLANG_ENABLE_OBJC_WEAK = YES;
				CLANG_WARN_BLOCK_CAPTURE_AUTORELEASING = YES;
				CLANG_WARN_BOOL_CONVERSION = YES;
				CLANG_WARN_COMMA = YES;
				CLANG_WARN_CONSTANT_CONVERSION = YES;
				CLANG_WARN_DEPRECATED_OBJC_IMPLEMENTATIONS = YES;
				CLANG_WARN_DIRECT_OBJC_ISA_USAGE = YES_ERROR;
				CLANG_WARN_DOCUMENTATION_COMMENTS = YES;
				CLANG_WARN_EMPTY_BODY = YES;
				CLANG_WARN_ENUM_CONVERSION = YES;
				CLANG_WARN_INFINITE_RECURSION = YES;
				CLANG_WARN_INT_CONVERSION = YES;
				CLANG_WARN_NON_LITERAL_NULL_CONVERSION = YES;
				CLANG_WARN_OBJC_IMPLICIT_RETAIN_SELF = YES;
				CLANG_WARN_OBJC_LITERAL_CONVERSION = YES;
				CLANG_WARN_OBJC_ROOT_CLASS = YES_ERROR;
				CLANG_WARN_QUOTED_INCLUDE_IN_FRAMEWORK_HEADER = YES;
				CLANG_WARN_RANGE_LOOP_ANALYSIS = YES;
				CLANG_WARN_STRICT_PROTOTYPES = YES;
				CLANG_WARN_SUSPICIOUS_MOVE = YES;
				CLANG_WARN_UNGUARDED_AVAILABILITY = YES_AGGRESSIVE;
				CLANG_WARN_UNREACHABLE_CODE = YES;
				CLANG_WARN__DUPLICATE_METHOD_MATCH = YES;
				COPY_PHASE_STRIP = NO;
				DEBUG_INFORMATION_FORMAT = "dwarf-with-dsym";
				ENABLE_NS_ASSERTIONS = NO;
				ENABLE_STRICT_OBJC_MSGSEND = YES;
				GCC_C_LANGUAGE_STANDARD = gnu11;
				GCC_NO_COMMON_BLOCKS = YES;
				GCC_WARN_64_TO_32_BIT_CONVERSION = YES;
				GCC_WARN_ABOUT_RETURN_TYPE = YES_ERROR;
				GCC_WARN_UNDECLARED_SELECTOR = YES;
				GCC_WARN_UNINITIALIZED_AUTOS = YES_AGGRESSIVE;
				GCC_WARN_UNUSED_FUNCTION = YES;
				GCC_WARN_UNUSED_VARIABLE = YES;
				IPHONEOS_DEPLOYMENT_TARGET = 13.0;
				MTL_ENABLE_DEBUG_INFO = NO;
				MTL_FAST_MATH = YES;
				SDKROOT = iphoneos;
				SWIFT_COMPILATION_MODE = wholemodule;
				SWIFT_OPTIMIZATION_LEVEL = "-O";
				VALIDATE_PRODUCT = YES;
			};
			name = Release;
		};
		F532B85324E30C3800B4CAD5 /* Debug */ = {
			isa = XCBuildConfiguration;
			buildSettings = {
				ASSETCATALOG_COMPILER_APPICON_NAME = AppIcon;
				CODE_SIGN_STYLE = Automatic;
				INFOPLIST_FILE = RandomNumGame/Info.plist;
				IPHONEOS_DEPLOYMENT_TARGET = 13.0;
				LD_RUNPATH_SEARCH_PATHS = (
					"$(inherited)",
					"@executable_path/Frameworks",
				);
				PRODUCT_BUNDLE_IDENTIFIER = Vladosius.RandomNumGame;
				PRODUCT_NAME = "$(TARGET_NAME)";
				SWIFT_VERSION = 5.0;
				TARGETED_DEVICE_FAMILY = 1;
			};
			name = Debug;
		};
		F532B85424E30C3800B4CAD5 /* Release */ = {
			isa = XCBuildConfiguration;
			buildSettings = {
				ASSETCATALOG_COMPILER_APPICON_NAME = AppIcon;
				CODE_SIGN_STYLE = Automatic;
				INFOPLIST_FILE = RandomNumGame/Info.plist;
				IPHONEOS_DEPLOYMENT_TARGET = 13.0;
				LD_RUNPATH_SEARCH_PATHS = (
					"$(inherited)",
					"@executable_path/Frameworks",
				);
				PRODUCT_BUNDLE_IDENTIFIER = Vladosius.RandomNumGame;
				PRODUCT_NAME = "$(TARGET_NAME)";
				SWIFT_VERSION = 5.0;
				TARGETED_DEVICE_FAMILY = 1;
			};
			name = Release;
		};
/* End XCBuildConfiguration section */

/* Begin XCConfigurationList section */
		F532B83924E30C3700B4CAD5 /* Build configuration list for PBXProject "RandomNumGame" */ = {
			isa = XCConfigurationList;
			buildConfigurations = (
				F532B85024E30C3800B4CAD5 /* Debug */,
				F532B85124E30C3800B4CAD5 /* Release */,
			);
			defaultConfigurationIsVisible = 0;
			defaultConfigurationName = Release;
		};
		F532B85224E30C3800B4CAD5 /* Build configuration list for PBXNativeTarget "RandomNumGame" */ = {
			isa = XCConfigurationList;
			buildConfigurations = (
				F532B85324E30C3800B4CAD5 /* Debug */,
				F532B85424E30C3800B4CAD5 /* Release */,
			);
			defaultConfigurationIsVisible = 0;
			defaultConfigurationName = Release;
		};
/* End XCConfigurationList section */
	};
	rootObject = F532B83624E30C3700B4CAD5 /* Project object */;
}
